
Microsoft Visual Studio Solution File, Format Version 12.00
# Visual Studio Version 16
VisualStudioVersion = 16.0.31624.102
MinimumVisualStudioVersion = 10.0.40219.1
Project("{FAE04EC0-301F-11D3-BF4B-00C04F79EFBC}") = "UpSchoolProject1", "UpSchoolProject1\UpSchoolProject1.csproj", "{FE4724D7-BBE6-4087-BDEE-F0B78A2F691D}"
EndProject
Global
	GlobalSection(SolutionConfigurationPlatforms) = preSolution
		Debug|Any CPU = Debug|Any CPU
		Release|Any CPU = Release|Any CPU
	EndGlobalSection
	GlobalSection(ProjectConfigurationPlatforms) = postSolution
		{FE4724D7-BBE6-4087-BDEE-F0B78A2F691D}.Debug|Any CPU.ActiveCfg = Debug|Any CPU
		{FE4724D7-BBE6-4087-BDEE-F0B78A2F691D}.Debug|Any CPU.Build.0 = Debug|Any CPU
		{FE4724D7-BBE6-4087-BDEE-F0B78A2F691D}.Release|Any CPU.ActiveCfg = Release|Any CPU
		{FE4724D7-BBE6-4087-BDEE-F0B78A2F691D}.Release|Any CPU.Build.0 = Release|Any CPU
	EndGlobalSection
	GlobalSection(SolutionProperties) = preSolution
		HideSolutionNode = FALSE
	EndGlobalSection
	GlobalSection(ExtensibilityGlobals) = postSolution
		SolutionGuid = {2493A033-5832-43DE-AA4F-993C74F4D455}
	EndGlobalSection
EndGlobal
